// !$*UTF8*$!
{
	archiveVersion = 1;
	classes = {
	};
	objectVersion = 56;
	objects = {

/* Begin PBXBuildFile section */
		1F314B4A2F51B61D007B161F /* ProfileUpdateDTO.swift in Sources */ = {isa = PBXBuildFile; fileRef = 1F314ADF2F51B61D007B161F /* ProfileUpdateDTO.swift */; };
		1F314B4B2F51B61D007B161F /* SafariView.swift in Sources */ = {isa = PBXBuildFile; fileRef = 1F314B172F51B61D007B161F /* SafariView.swift */; };
		1F314B4D2F51B61D007B161F /* AddToCartButton.swift in Sources */ = {isa = PBXBuildFile; fileRef = 1F314B3A2F51B61D007B161F /* AddToCartButton.swift */; };
		1F314B4E2F51B61D007B161F /* CurrencyRequest.swift in Sources */ = {isa = PBXBuildFile; fileRef = 1F314AF42F51B61D007B161F /* CurrencyRequest.swift */; };
		1F314B4F2F51B61D007B161F /* NetworkError.swift in Sources */ = {isa = PBXBuildFile; fileRef = 1F314AB82F51B61D007B161F /* NetworkError.swift */; };
		1F314B502F51B61D007B161F /* NftItemDTO.swift in Sources */ = {isa = PBXBuildFile; fileRef = 1F314B002F51B61D007B161F /* NftItemDTO.swift */; };
		1F314B512F51B61D007B161F /* ProfileView.swift in Sources */ = {isa = PBXBuildFile; fileRef = 1F314AEB2F51B61D007B161F /* ProfileView.swift */; };
		1F314B522F51B61D007B161F /* ProfileRowView.swift in Sources */ = {isa = PBXBuildFile; fileRef = 1F314AEA2F51B61D007B161F /* ProfileRowView.swift */; };
		1F314B532F51B61D007B161F /* iOS_FakeNFT_ExtendedApp.swift in Sources */ = {isa = PBXBuildFile; fileRef = 1F314B462F51B61D007B161F /* iOS_FakeNFT_ExtendedApp.swift */; };
		1F314B542F51B61D007B161F /* ProfileFavoritesViewModel.swift in Sources */ = {isa = PBXBuildFile; fileRef = 1F314AF12F51B61D007B161F /* ProfileFavoritesViewModel.swift */; };
		1F314B562F51B61D007B161F /* RequestConstants.swift in Sources */ = {isa = PBXBuildFile; fileRef = 1F314AFB2F51B61D007B161F /* RequestConstants.swift */; };
		1F314B592F51B61D007B161F /* NFTCollectionViewModel.swift in Sources */ = {isa = PBXBuildFile; fileRef = 1F314B212F51B61D007B161F /* NFTCollectionViewModel.swift */; };
		1F314B5A2F51B61D007B161F /* CartViewModel.swift in Sources */ = {isa = PBXBuildFile; fileRef = 1F314AB42F51B61D007B161F /* CartViewModel.swift */; };
		1F314B5B2F51B61D007B161F /* PaymentCell.swift in Sources */ = {isa = PBXBuildFile; fileRef = 1F314AAC2F51B61D007B161F /* PaymentCell.swift */; };
		1F314B5C2F51B61D007B161F /* StatisticsFlowView.swift in Sources */ = {isa = PBXBuildFile; fileRef = 1F314B112F51B61D007B161F /* StatisticsFlowView.swift */; };
		1F314B5D2F51B61D007B161F /* MyNFTRowView.swift in Sources */ = {isa = PBXBuildFile; fileRef = 1F314AE52F51B61D007B161F /* MyNFTRowView.swift */; };
		1F314B5F2F51B61D007B161F /* ContentView.swift in Sources */ = {isa = PBXBuildFile; fileRef = 1F314B402F51B61D007B161F /* ContentView.swift */; };
		1F314B602F51B61D007B161F /* MyNFTsView.swift in Sources */ = {isa = PBXBuildFile; fileRef = 1F314AE72F51B61D007B161F /* MyNFTsView.swift */; };
		1F314B612F51B61D007B161F /* Currency.swift in Sources */ = {isa = PBXBuildFile; fileRef = 1F314AA42F51B61D007B161F /* Currency.swift */; };
		1F314B632F51B61D007B161F /* UsersService.swift in Sources */ = {isa = PBXBuildFile; fileRef = 1F314B0E2F51B61D007B161F /* UsersService.swift */; };
		1F314B642F51B61D007B161F /* StatisticsSortSheet.swift in Sources */ = {isa = PBXBuildFile; fileRef = 1F314B192F51B61D007B161F /* StatisticsSortSheet.swift */; };
		1F314B652F51B61D007B161F /* CartView.swift in Sources */ = {isa = PBXBuildFile; fileRef = 1F314AA92F51B61D007B161F /* CartView.swift */; };
		1F314B662F51B61D007B161F /* MyNFTSortOption.swift in Sources */ = {isa = PBXBuildFile; fileRef = 1F314AE62F51B61D007B161F /* MyNFTSortOption.swift */; };
		1F314B672F51B61D007B161F /* NFTService.swift in Sources */ = {isa = PBXBuildFile; fileRef = 1F314AB92F51B61D007B161F /* NFTService.swift */; };
		1F314B682F51B61D007B161F /* NFTItem.swift in Sources */ = {isa = PBXBuildFile; fileRef = 1F314AC42F51B61D007B161F /* NFTItem.swift */; };
		1F314B692F51B61D007B161F /* LoadingHUD.swift in Sources */ = {isa = PBXBuildFile; fileRef = 1F314B3C2F51B61D007B161F /* LoadingHUD.swift */; };
		1F314B6A2F51B61D007B161F /* UserCardScreen.swift in Sources */ = {isa = PBXBuildFile; fileRef = 1F314B132F51B61D007B161F /* UserCardScreen.swift */; };
		1F314B6C2F51B61D007B161F /* PaymentViewModel.swift in Sources */ = {isa = PBXBuildFile; fileRef = 1F314AB52F51B61D007B161F /* PaymentViewModel.swift */; };
		1F314B6E2F51B61D007B161F /* ProfileWebView.swift in Sources */ = {isa = PBXBuildFile; fileRef = 1F314AED2F51B61D007B161F /* ProfileWebView.swift */; };
		1F314B6F2F51B61D007B161F /* StatisticsViewModel.swift in Sources */ = {isa = PBXBuildFile; fileRef = 1F314B222F51B61D007B161F /* StatisticsViewModel.swift */; };
		1F314B702F51B61D007B161F /* FavoriteNFTCardView.swift in Sources */ = {isa = PBXBuildFile; fileRef = 1F314AE22F51B61D007B161F /* FavoriteNFTCardView.swift */; };
		1F314B712F51B61D007B161F /* NFTCollectionScreen.swift in Sources */ = {isa = PBXBuildFile; fileRef = 1F314B102F51B61D007B161F /* NFTCollectionScreen.swift */; };
		1F314B722F51B61D007B161F /* FavoriteNFTItem.swift in Sources */ = {isa = PBXBuildFile; fileRef = 1F314AD62F51B61D007B161F /* FavoriteNFTItem.swift */; };
		1F314B732F51B61D007B161F /* UserDTO.swift in Sources */ = {isa = PBXBuildFile; fileRef = 1F314B042F51B61D007B161F /* UserDTO.swift */; };
		1F314B742F51B61D007B161F /* NFTListRequest.swift in Sources */ = {isa = PBXBuildFile; fileRef = 1F314ADB2F51B61D007B161F /* NFTListRequest.swift */; };
		1F314B752F51B61D007B161F /* UserByIdRequest.swift in Sources */ = {isa = PBXBuildFile; fileRef = 1F314B0C2F51B61D007B161F /* UserByIdRequest.swift */; };
		1F314B762F51B61D007B161F /* NFTCardView.swift in Sources */ = {isa = PBXBuildFile; fileRef = 1F314B162F51B61D007B161F /* NFTCardView.swift */; };
		1F314B772F51B61D007B161F /* CartRoute.swift in Sources */ = {isa = PBXBuildFile; fileRef = 1F314AA82F51B61D007B161F /* CartRoute.swift */; };
		1F314B782F51B61D007B161F /* CartService.swift in Sources */ = {isa = PBXBuildFile; fileRef = 1F314AB12F51B61D007B161F /* CartService.swift */; };
		1F314B792F51B61D007B161F /* ProfileRequest.swift in Sources */ = {isa = PBXBuildFile; fileRef = 1F314ADD2F51B61D007B161F /* ProfileRequest.swift */; };
		1F314B7B2F51B61D007B161F /* ProfileViewData.swift in Sources */ = {isa = PBXBuildFile; fileRef = 1F314AD82F51B61D007B161F /* ProfileViewData.swift */; };
		1F314B7D2F51B61D007B161F /* UpdateOrderRequest.swift in Sources */ = {isa = PBXBuildFile; fileRef = 1F314AF72F51B61D007B161F /* UpdateOrderRequest.swift */; };
		1F314B802F51B61D007B161F /* OrdersDTO.swift in Sources */ = {isa = PBXBuildFile; fileRef = 1F314B012F51B61D007B161F /* OrdersDTO.swift */; };
		1F314B812F51B61D007B161F /* TabBarView.swift in Sources */ = {isa = PBXBuildFile; fileRef = 1F314B422F51B61D007B161F /* TabBarView.swift */; };
		1F314B822F51B61D007B161F /* CatalogViewModel.swift in Sources */ = {isa = PBXBuildFile; fileRef = 1F314AC62F51B61D007B161F /* CatalogViewModel.swift */; };
		1F314B832F51B61D007B161F /* PayOrderRequest.swift in Sources */ = {isa = PBXBuildFile; fileRef = 1F314AF62F51B61D007B161F /* PayOrderRequest.swift */; };
		1F314B852F51B61D007B161F /* ProfileService.swift in Sources */ = {isa = PBXBuildFile; fileRef = 1F314ADE2F51B61D007B161F /* ProfileService.swift */; };
		1F314B862F51B61D007B161F /* StatisticProfileRequests.swift in Sources */ = {isa = PBXBuildFile; fileRef = 1F314B0A2F51B61D007B161F /* StatisticProfileRequests.swift */; };
		1F314B872F51B61D007B161F /* StatisticsRowView.swift in Sources */ = {isa = PBXBuildFile; fileRef = 1F314B182F51B61D007B161F /* StatisticsRowView.swift */; };
		1F314B882F51B61D007B161F /* Nft.swift in Sources */ = {isa = PBXBuildFile; fileRef = 1F314AD12F51B61D007B161F /* Nft.swift */; };
		1F314B892F51B61D007B161F /* Colors.swift in Sources */ = {isa = PBXBuildFile; fileRef = 1F314B252F51B61D007B161F /* Colors.swift */; };
		1F314B8A2F51B61D007B161F /* CartModel+Mock.swift in Sources */ = {isa = PBXBuildFile; fileRef = 1F314AA32F51B61D007B161F /* CartModel+Mock.swift */; };
		1F314B8B2F51B61D007B161F /* PaymentSuccessView.swift in Sources */ = {isa = PBXBuildFile; fileRef = 1F314AAD2F51B61D007B161F /* PaymentSuccessView.swift */; };
		1F314B8F2F51B61D007B161F /* StatisticsScreen.swift in Sources */ = {isa = PBXBuildFile; fileRef = 1F314B122F51B61D007B161F /* StatisticsScreen.swift */; };
		1F314B912F51B61D007B161F /* NavigationTitleView.swift in Sources */ = {isa = PBXBuildFile; fileRef = 1F314B152F51B61D007B161F /* NavigationTitleView.swift */; };
		1F314B922F51B61D007B161F /* SortMenuView.swift in Sources */ = {isa = PBXBuildFile; fileRef = 1F314B372F51B61D007B161F /* SortMenuView.swift */; };
		1F314B942F51B61D007B161F /* NFTCollection.swift in Sources */ = {isa = PBXBuildFile; fileRef = 1F314AC22F51B61D007B161F /* NFTCollection.swift */; };
		1F314B952F51B61D007B161F /* ProfileDTO.swift in Sources */ = {isa = PBXBuildFile; fileRef = 1F314ADC2F51B61D007B161F /* ProfileDTO.swift */; };
		1F314B962F51B61D007B161F /* LikeButton.swift in Sources */ = {isa = PBXBuildFile; fileRef = 1F314B3B2F51B61D007B161F /* LikeButton.swift */; };
		1F314B972F51B61D007B161F /* CollectionFilter.swift in Sources */ = {isa = PBXBuildFile; fileRef = 1F314AC02F51B61D007B161F /* CollectionFilter.swift */; };
		1F314B982F51B61D007B161F /* ScreenState.swift in Sources */ = {isa = PBXBuildFile; fileRef = 1F314AD92F51B61D007B161F /* ScreenState.swift */; };
		1F314B992F51B61D007B161F /* CatalogView.swift in Sources */ = {isa = PBXBuildFile; fileRef = 1F314ABF2F51B61D007B161F /* CatalogView.swift */; };
		1F314B9A2F51B61D007B161F /* FavoritesNFTsView.swift in Sources */ = {isa = PBXBuildFile; fileRef = 1F314AE32F51B61D007B161F /* FavoritesNFTsView.swift */; };
		1F314B9C2F51B61D007B161F /* OrdersRequests.swift in Sources */ = {isa = PBXBuildFile; fileRef = 1F314B092F51B61D007B161F /* OrdersRequests.swift */; };
		1F314B9E2F51B61D007B161F /* NFTCartCollection.swift in Sources */ = {isa = PBXBuildFile; fileRef = 1F314AA52F51B61D007B161F /* NFTCartCollection.swift */; };
		1F314B9F2F51B61D007B161F /* DeleteView.swift in Sources */ = {isa = PBXBuildFile; fileRef = 1F314AAA2F51B61D007B161F /* DeleteView.swift */; };
		1F314BA22F51B61D007B161F /* Fonts.swift in Sources */ = {isa = PBXBuildFile; fileRef = 1F314B262F51B61D007B161F /* Fonts.swift */; };
		1F314BA32F51B61D007B161F /* PaymentView.swift in Sources */ = {isa = PBXBuildFile; fileRef = 1F314AAE2F51B61D007B161F /* PaymentView.swift */; };
		1F314BA52F51B61D007B161F /* NftItemByIdRequest.swift in Sources */ = {isa = PBXBuildFile; fileRef = 1F314B072F51B61D007B161F /* NftItemByIdRequest.swift */; };
		1F314BA62F51B61D007B161F /* StatisticUserProfileDTO.swift in Sources */ = {isa = PBXBuildFile; fileRef = 1F314B032F51B61D007B161F /* StatisticUserProfileDTO.swift */; };
		1F314BA72F51B61D007B161F /* OrderRequest.swift in Sources */ = {isa = PBXBuildFile; fileRef = 1F314AF52F51B61D007B161F /* OrderRequest.swift */; };
		1F314BA82F51B61D007B161F /* CartManager.swift in Sources */ = {isa = PBXBuildFile; fileRef = 1F314ABB2F51B61D007B161F /* CartManager.swift */; };
		1F314BA92F51B61D007B161F /* UsersRequest.swift in Sources */ = {isa = PBXBuildFile; fileRef = 1F314B0D2F51B61D007B161F /* UsersRequest.swift */; };
		1F314BAA2F51B61D007B161F /* NetworkRequest.swift in Sources */ = {isa = PBXBuildFile; fileRef = 1F314ACD2F51B61D007B161F /* NetworkRequest.swift */; };
		1F314BAB2F51B61D007B161F /* RatingView.swift in Sources */ = {isa = PBXBuildFile; fileRef = 1F314B3D2F51B61D007B161F /* RatingView.swift */; };
		1F314BAC2F51B61D007B161F /* NftViewModel.swift in Sources */ = {isa = PBXBuildFile; fileRef = 1F314AC72F51B61D007B161F /* NftViewModel.swift */; };
		1F314BAD2F51B61D007B161F /* ProfileWebsiteView.swift in Sources */ = {isa = PBXBuildFile; fileRef = 1F314AEC2F51B61D007B161F /* ProfileWebsiteView.swift */; };
		1F314BAF2F51B61D007B161F /* EditProfileView.swift in Sources */ = {isa = PBXBuildFile; fileRef = 1F314AE92F51B61D007B161F /* EditProfileView.swift */; };
		1F314BB02F51B61D007B161F /* CatalogCollectionCell.swift in Sources */ = {isa = PBXBuildFile; fileRef = 1F314ABE2F51B61D007B161F /* CatalogCollectionCell.swift */; };
		1F314BB12F51B61D007B161F /* NftCell.swift in Sources */ = {isa = PBXBuildFile; fileRef = 1F314AC12F51B61D007B161F /* NftCell.swift */; };
		1F314BB22F51B61D007B161F /* ProfileUpdateRequest.swift in Sources */ = {isa = PBXBuildFile; fileRef = 1F314AE02F51B61D007B161F /* ProfileUpdateRequest.swift */; };
		1F314BB52F51B61D007B161F /* PaymentService.swift in Sources */ = {isa = PBXBuildFile; fileRef = 1F314AB22F51B61D007B161F /* PaymentService.swift */; };
		1F314BB62F51B61D007B161F /* CartCell.swift in Sources */ = {isa = PBXBuildFile; fileRef = 1F314AA72F51B61D007B161F /* CartCell.swift */; };
		1F314BB72F51B61D007B161F /* NFTCollectionView.swift in Sources */ = {isa = PBXBuildFile; fileRef = 1F314AC32F51B61D007B161F /* NFTCollectionView.swift */; };
		1F314BB82F51B61D007B161F /* LikesAndCartService.swift in Sources */ = {isa = PBXBuildFile; fileRef = 1F314B062F51B61D007B161F /* LikesAndCartService.swift */; };
		1F314BB92F51B61D007B161F /* NetworkClient.swift in Sources */ = {isa = PBXBuildFile; fileRef = 1F314ACC2F51B61D007B161F /* NetworkClient.swift */; };
		1F314BBA2F51B61D007B161F /* MyNFTItem.swift in Sources */ = {isa = PBXBuildFile; fileRef = 1F314AD72F51B61D007B161F /* MyNFTItem.swift */; };
		1F314BBB2F51B61D007B161F /* NftItemsService.swift in Sources */ = {isa = PBXBuildFile; fileRef = 1F314B082F51B61D007B161F /* NftItemsService.swift */; };
		1F314BBC2F51B61D007B161F /* SortOptions.swift in Sources */ = {isa = PBXBuildFile; fileRef = 1F314B382F51B61D007B161F /* SortOptions.swift */; };
		1F314BBD2F51B61D007B161F /* StatisticsRoute.swift in Sources */ = {isa = PBXBuildFile; fileRef = 1F314B022F51B61D007B161F /* StatisticsRoute.swift */; };
		1F314BBE2F51B61D007B161F /* FavoritesManager.swift in Sources */ = {isa = PBXBuildFile; fileRef = 1F314ABC2F51B61D007B161F /* FavoritesManager.swift */; };
		1F314BC12F51B61D007B161F /* Assets.xcassets in Resources */ = {isa = PBXBuildFile; fileRef = 1F314B452F51B61D007B161F /* Assets.xcassets */; };
		1F314BC22F51B61D007B161F /* Localizable.strings in Resources */ = {isa = PBXBuildFile; fileRef = 1F314B482F51B61D007B161F /* Localizable.strings */; };
		ABC5E17D2C31F5B0002B4068 /* iOS_FakeNFT_ExtendedTests.swift in Sources */ = {isa = PBXBuildFile; fileRef = ABC5E17C2C31F5B0002B4068 /* iOS_FakeNFT_ExtendedTests.swift */; };
		ABC5E1872C31F5B0002B4068 /* iOS_FakeNFT_ExtendedUITests.swift in Sources */ = {isa = PBXBuildFile; fileRef = ABC5E1862C31F5B0002B4068 /* iOS_FakeNFT_ExtendedUITests.swift */; };
		ABC5E1D82C3204A9002B4068 /* Kingfisher in Frameworks */ = {isa = PBXBuildFile; productRef = ABC5E1D72C3204A9002B4068 /* Kingfisher */; };
		ABC5E1E22C320535002B4068 /* ProgressHUD in Frameworks */ = {isa = PBXBuildFile; productRef = ABC5E1E12C320535002B4068 /* ProgressHUD */; };
/* End PBXBuildFile section */

/* Begin PBXContainerItemProxy section */
		ABC5E1792C31F5B0002B4068 /* PBXContainerItemProxy */ = {
			isa = PBXContainerItemProxy;
			containerPortal = ABC5E1602C31F5AF002B4068 /* Project object */;
			proxyType = 1;
			remoteGlobalIDString = ABC5E1672C31F5AF002B4068;
			remoteInfo = "iOS-FakeNFT-Extended";
		};
		ABC5E1832C31F5B0002B4068 /* PBXContainerItemProxy */ = {
			isa = PBXContainerItemProxy;
			containerPortal = ABC5E1602C31F5AF002B4068 /* Project object */;
			proxyType = 1;
			remoteGlobalIDString = ABC5E1672C31F5AF002B4068;
			remoteInfo = "iOS-FakeNFT-Extended";
		};
/* End PBXContainerItemProxy section */

/* Begin PBXFileReference section */
		1F314AA32F51B61D007B161F /* CartModel+Mock.swift */ = {isa = PBXFileReference; lastKnownFileType = sourcecode.swift; path = "CartModel+Mock.swift"; sourceTree = "<group>"; };
		1F314AA42F51B61D007B161F /* Currency.swift */ = {isa = PBXFileReference; lastKnownFileType = sourcecode.swift; path = Currency.swift; sourceTree = "<group>"; };
		1F314AA52F51B61D007B161F /* NFTCartCollection.swift */ = {isa = PBXFileReference; lastKnownFileType = sourcecode.swift; path = NFTCartCollection.swift; sourceTree = "<group>"; };
		1F314AA72F51B61D007B161F /* CartCell.swift */ = {isa = PBXFileReference; lastKnownFileType = sourcecode.swift; path = CartCell.swift; sourceTree = "<group>"; };
		1F314AA82F51B61D007B161F /* CartRoute.swift */ = {isa = PBXFileReference; lastKnownFileType = sourcecode.swift; path = CartRoute.swift; sourceTree = "<group>"; };
		1F314AA92F51B61D007B161F /* CartView.swift */ = {isa = PBXFileReference; lastKnownFileType = sourcecode.swift; path = CartView.swift; sourceTree = "<group>"; };
		1F314AAA2F51B61D007B161F /* DeleteView.swift */ = {isa = PBXFileReference; lastKnownFileType = sourcecode.swift; path = DeleteView.swift; sourceTree = "<group>"; };
		1F314AAC2F51B61D007B161F /* PaymentCell.swift */ = {isa = PBXFileReference; lastKnownFileType = sourcecode.swift; path = PaymentCell.swift; sourceTree = "<group>"; };
		1F314AAD2F51B61D007B161F /* PaymentSuccessView.swift */ = {isa = PBXFileReference; lastKnownFileType = sourcecode.swift; path = PaymentSuccessView.swift; sourceTree = "<group>"; };
		1F314AAE2F51B61D007B161F /* PaymentView.swift */ = {isa = PBXFileReference; lastKnownFileType = sourcecode.swift; path = PaymentView.swift; sourceTree = "<group>"; };
		1F314AB12F51B61D007B161F /* CartService.swift */ = {isa = PBXFileReference; lastKnownFileType = sourcecode.swift; path = CartService.swift; sourceTree = "<group>"; };
		1F314AB22F51B61D007B161F /* PaymentService.swift */ = {isa = PBXFileReference; lastKnownFileType = sourcecode.swift; path = PaymentService.swift; sourceTree = "<group>"; };
		1F314AB42F51B61D007B161F /* CartViewModel.swift */ = {isa = PBXFileReference; lastKnownFileType = sourcecode.swift; path = CartViewModel.swift; sourceTree = "<group>"; };
		1F314AB52F51B61D007B161F /* PaymentViewModel.swift */ = {isa = PBXFileReference; lastKnownFileType = sourcecode.swift; path = PaymentViewModel.swift; sourceTree = "<group>"; };
		1F314AB82F51B61D007B161F /* NetworkError.swift */ = {isa = PBXFileReference; lastKnownFileType = sourcecode.swift; path = NetworkError.swift; sourceTree = "<group>"; };
		1F314AB92F51B61D007B161F /* NFTService.swift */ = {isa = PBXFileReference; lastKnownFileType = sourcecode.swift; path = NFTService.swift; sourceTree = "<group>"; };
		1F314ABB2F51B61D007B161F /* CartManager.swift */ = {isa = PBXFileReference; lastKnownFileType = sourcecode.swift; path = CartManager.swift; sourceTree = "<group>"; };
		1F314ABC2F51B61D007B161F /* FavoritesManager.swift */ = {isa = PBXFileReference; lastKnownFileType = sourcecode.swift; path = FavoritesManager.swift; sourceTree = "<group>"; };
		1F314ABE2F51B61D007B161F /* CatalogCollectionCell.swift */ = {isa = PBXFileReference; lastKnownFileType = sourcecode.swift; path = CatalogCollectionCell.swift; sourceTree = "<group>"; };
		1F314ABF2F51B61D007B161F /* CatalogView.swift */ = {isa = PBXFileReference; lastKnownFileType = sourcecode.swift; path = CatalogView.swift; sourceTree = "<group>"; };
		1F314AC02F51B61D007B161F /* CollectionFilter.swift */ = {isa = PBXFileReference; lastKnownFileType = sourcecode.swift; path = CollectionFilter.swift; sourceTree = "<group>"; };
		1F314AC12F51B61D007B161F /* NftCell.swift */ = {isa = PBXFileReference; lastKnownFileType = sourcecode.swift; path = NftCell.swift; sourceTree = "<group>"; };
		1F314AC22F51B61D007B161F /* NFTCollection.swift */ = {isa = PBXFileReference; lastKnownFileType = sourcecode.swift; path = NFTCollection.swift; sourceTree = "<group>"; };
		1F314AC32F51B61D007B161F /* NFTCollectionView.swift */ = {isa = PBXFileReference; lastKnownFileType = sourcecode.swift; path = NFTCollectionView.swift; sourceTree = "<group>"; };
		1F314AC42F51B61D007B161F /* NFTItem.swift */ = {isa = PBXFileReference; lastKnownFileType = sourcecode.swift; path = NFTItem.swift; sourceTree = "<group>"; };
		1F314AC62F51B61D007B161F /* CatalogViewModel.swift */ = {isa = PBXFileReference; lastKnownFileType = sourcecode.swift; path = CatalogViewModel.swift; sourceTree = "<group>"; };
		1F314AC72F51B61D007B161F /* NftViewModel.swift */ = {isa = PBXFileReference; lastKnownFileType = sourcecode.swift; path = NftViewModel.swift; sourceTree = "<group>"; };
		1F314ACC2F51B61D007B161F /* NetworkClient.swift */ = {isa = PBXFileReference; lastKnownFileType = sourcecode.swift; path = NetworkClient.swift; sourceTree = "<group>"; };
		1F314ACD2F51B61D007B161F /* NetworkRequest.swift */ = {isa = PBXFileReference; lastKnownFileType = sourcecode.swift; path = NetworkRequest.swift; sourceTree = "<group>"; };
		1F314AD12F51B61D007B161F /* Nft.swift */ = {isa = PBXFileReference; lastKnownFileType = sourcecode.swift; path = Nft.swift; sourceTree = "<group>"; };
		1F314AD62F51B61D007B161F /* FavoriteNFTItem.swift */ = {isa = PBXFileReference; lastKnownFileType = sourcecode.swift; path = FavoriteNFTItem.swift; sourceTree = "<group>"; };
		1F314AD72F51B61D007B161F /* MyNFTItem.swift */ = {isa = PBXFileReference; lastKnownFileType = sourcecode.swift; path = MyNFTItem.swift; sourceTree = "<group>"; };
		1F314AD82F51B61D007B161F /* ProfileViewData.swift */ = {isa = PBXFileReference; lastKnownFileType = sourcecode.swift; path = ProfileViewData.swift; sourceTree = "<group>"; };
		1F314AD92F51B61D007B161F /* ScreenState.swift */ = {isa = PBXFileReference; lastKnownFileType = sourcecode.swift; path = ScreenState.swift; sourceTree = "<group>"; };
		1F314ADB2F51B61D007B161F /* NFTListRequest.swift */ = {isa = PBXFileReference; lastKnownFileType = sourcecode.swift; path = NFTListRequest.swift; sourceTree = "<group>"; };
		1F314ADC2F51B61D007B161F /* ProfileDTO.swift */ = {isa = PBXFileReference; lastKnownFileType = sourcecode.swift; path = ProfileDTO.swift; sourceTree = "<group>"; };
		1F314ADD2F51B61D007B161F /* ProfileRequest.swift */ = {isa = PBXFileReference; lastKnownFileType = sourcecode.swift; path = ProfileRequest.swift; sourceTree = "<group>"; };
		1F314ADE2F51B61D007B161F /* ProfileService.swift */ = {isa = PBXFileReference; lastKnownFileType = sourcecode.swift; path = ProfileService.swift; sourceTree = "<group>"; };
		1F314ADF2F51B61D007B161F /* ProfileUpdateDTO.swift */ = {isa = PBXFileReference; lastKnownFileType = sourcecode.swift; path = ProfileUpdateDTO.swift; sourceTree = "<group>"; };
		1F314AE02F51B61D007B161F /* ProfileUpdateRequest.swift */ = {isa = PBXFileReference; lastKnownFileType = sourcecode.swift; path = ProfileUpdateRequest.swift; sourceTree = "<group>"; };
		1F314AE22F51B61D007B161F /* FavoriteNFTCardView.swift */ = {isa = PBXFileReference; lastKnownFileType = sourcecode.swift; path = FavoriteNFTCardView.swift; sourceTree = "<group>"; };
		1F314AE32F51B61D007B161F /* FavoritesNFTsView.swift */ = {isa = PBXFileReference; lastKnownFileType = sourcecode.swift; path = FavoritesNFTsView.swift; sourceTree = "<group>"; };
		1F314AE52F51B61D007B161F /* MyNFTRowView.swift */ = {isa = PBXFileReference; lastKnownFileType = sourcecode.swift; path = MyNFTRowView.swift; sourceTree = "<group>"; };
		1F314AE62F51B61D007B161F /* MyNFTSortOption.swift */ = {isa = PBXFileReference; lastKnownFileType = sourcecode.swift; path = MyNFTSortOption.swift; sourceTree = "<group>"; };
		1F314AE72F51B61D007B161F /* MyNFTsView.swift */ = {isa = PBXFileReference; lastKnownFileType = sourcecode.swift; path = MyNFTsView.swift; sourceTree = "<group>"; };
		1F314AE92F51B61D007B161F /* EditProfileView.swift */ = {isa = PBXFileReference; lastKnownFileType = sourcecode.swift; path = EditProfileView.swift; sourceTree = "<group>"; };
		1F314AEA2F51B61D007B161F /* ProfileRowView.swift */ = {isa = PBXFileReference; lastKnownFileType = sourcecode.swift; path = ProfileRowView.swift; sourceTree = "<group>"; };
		1F314AEB2F51B61D007B161F /* ProfileView.swift */ = {isa = PBXFileReference; lastKnownFileType = sourcecode.swift; path = ProfileView.swift; sourceTree = "<group>"; };
		1F314AEC2F51B61D007B161F /* ProfileWebsiteView.swift */ = {isa = PBXFileReference; lastKnownFileType = sourcecode.swift; path = ProfileWebsiteView.swift; sourceTree = "<group>"; };
		1F314AED2F51B61D007B161F /* ProfileWebView.swift */ = {isa = PBXFileReference; lastKnownFileType = sourcecode.swift; path = ProfileWebView.swift; sourceTree = "<group>"; };
		1F314AF12F51B61D007B161F /* ProfileFavoritesViewModel.swift */ = {isa = PBXFileReference; lastKnownFileType = sourcecode.swift; path = ProfileFavoritesViewModel.swift; sourceTree = "<group>"; };
		1F314AF42F51B61D007B161F /* CurrencyRequest.swift */ = {isa = PBXFileReference; lastKnownFileType = sourcecode.swift; path = CurrencyRequest.swift; sourceTree = "<group>"; };
		1F314AF52F51B61D007B161F /* OrderRequest.swift */ = {isa = PBXFileReference; lastKnownFileType = sourcecode.swift; path = OrderRequest.swift; sourceTree = "<group>"; };
		1F314AF62F51B61D007B161F /* PayOrderRequest.swift */ = {isa = PBXFileReference; lastKnownFileType = sourcecode.swift; path = PayOrderRequest.swift; sourceTree = "<group>"; };
		1F314AF72F51B61D007B161F /* UpdateOrderRequest.swift */ = {isa = PBXFileReference; lastKnownFileType = sourcecode.swift; path = UpdateOrderRequest.swift; sourceTree = "<group>"; };
		1F314AFB2F51B61D007B161F /* RequestConstants.swift */ = {isa = PBXFileReference; lastKnownFileType = sourcecode.swift; path = RequestConstants.swift; sourceTree = "<group>"; };
		1F314B002F51B61D007B161F /* NftItemDTO.swift */ = {isa = PBXFileReference; lastKnownFileType = sourcecode.swift; path = NftItemDTO.swift; sourceTree = "<group>"; };
		1F314B012F51B61D007B161F /* OrdersDTO.swift */ = {isa = PBXFileReference; lastKnownFileType = sourcecode.swift; path = OrdersDTO.swift; sourceTree = "<group>"; };
		1F314B022F51B61D007B161F /* StatisticsRoute.swift */ = {isa = PBXFileReference; lastKnownFileType = sourcecode.swift; path = StatisticsRoute.swift; sourceTree = "<group>"; };
		1F314B032F51B61D007B161F /* StatisticUserProfileDTO.swift */ = {isa = PBXFileReference; lastKnownFileType = sourcecode.swift; path = StatisticUserProfileDTO.swift; sourceTree = "<group>"; };
		1F314B042F51B61D007B161F /* UserDTO.swift */ = {isa = PBXFileReference; lastKnownFileType = sourcecode.swift; path = UserDTO.swift; sourceTree = "<group>"; };
		1F314B062F51B61D007B161F /* LikesAndCartService.swift */ = {isa = PBXFileReference; lastKnownFileType = sourcecode.swift; path = LikesAndCartService.swift; sourceTree = "<group>"; };
		1F314B072F51B61D007B161F /* NftItemByIdRequest.swift */ = {isa = PBXFileReference; lastKnownFileType = sourcecode.swift; path = NftItemByIdRequest.swift; sourceTree = "<group>"; };
		1F314B082F51B61D007B161F /* NftItemsService.swift */ = {isa = PBXFileReference; lastKnownFileType = sourcecode.swift; path = NftItemsService.swift; sourceTree = "<group>"; };
		1F314B092F51B61D007B161F /* OrdersRequests.swift */ = {isa = PBXFileReference; lastKnownFileType = sourcecode.swift; path = OrdersRequests.swift; sourceTree = "<group>"; };
		1F314B0A2F51B61D007B161F /* StatisticProfileRequests.swift */ = {isa = PBXFileReference; lastKnownFileType = sourcecode.swift; path = StatisticProfileRequests.swift; sourceTree = "<group>"; };
		1F314B0C2F51B61D007B161F /* UserByIdRequest.swift */ = {isa = PBXFileReference; lastKnownFileType = sourcecode.swift; path = UserByIdRequest.swift; sourceTree = "<group>"; };
		1F314B0D2F51B61D007B161F /* UsersRequest.swift */ = {isa = PBXFileReference; lastKnownFileType = sourcecode.swift; path = UsersRequest.swift; sourceTree = "<group>"; };
		1F314B0E2F51B61D007B161F /* UsersService.swift */ = {isa = PBXFileReference; lastKnownFileType = sourcecode.swift; path = UsersService.swift; sourceTree = "<group>"; };
		1F314B102F51B61D007B161F /* NFTCollectionScreen.swift */ = {isa = PBXFileReference; lastKnownFileType = sourcecode.swift; path = NFTCollectionScreen.swift; sourceTree = "<group>"; };
		1F314B112F51B61D007B161F /* StatisticsFlowView.swift */ = {isa = PBXFileReference; lastKnownFileType = sourcecode.swift; path = StatisticsFlowView.swift; sourceTree = "<group>"; };
		1F314B122F51B61D007B161F /* StatisticsScreen.swift */ = {isa = PBXFileReference; lastKnownFileType = sourcecode.swift; path = StatisticsScreen.swift; sourceTree = "<group>"; };
		1F314B132F51B61D007B161F /* UserCardScreen.swift */ = {isa = PBXFileReference; lastKnownFileType = sourcecode.swift; path = UserCardScreen.swift; sourceTree = "<group>"; };
		1F314B152F51B61D007B161F /* NavigationTitleView.swift */ = {isa = PBXFileReference; lastKnownFileType = sourcecode.swift; path = NavigationTitleView.swift; sourceTree = "<group>"; };
		1F314B162F51B61D007B161F /* NFTCardView.swift */ = {isa = PBXFileReference; lastKnownFileType = sourcecode.swift; path = NFTCardView.swift; sourceTree = "<group>"; };
		1F314B172F51B61D007B161F /* SafariView.swift */ = {isa = PBXFileReference; lastKnownFileType = sourcecode.swift; path = SafariView.swift; sourceTree = "<group>"; };
		1F314B182F51B61D007B161F /* StatisticsRowView.swift */ = {isa = PBXFileReference; lastKnownFileType = sourcecode.swift; path = StatisticsRowView.swift; sourceTree = "<group>"; };
		1F314B192F51B61D007B161F /* StatisticsSortSheet.swift */ = {isa = PBXFileReference; lastKnownFileType = sourcecode.swift; path = StatisticsSortSheet.swift; sourceTree = "<group>"; };
		1F314B212F51B61D007B161F /* NFTCollectionViewModel.swift */ = {isa = PBXFileReference; lastKnownFileType = sourcecode.swift; path = NFTCollectionViewModel.swift; sourceTree = "<group>"; };
		1F314B222F51B61D007B161F /* StatisticsViewModel.swift */ = {isa = PBXFileReference; lastKnownFileType = sourcecode.swift; path = StatisticsViewModel.swift; sourceTree = "<group>"; };
		1F314B252F51B61D007B161F /* Colors.swift */ = {isa = PBXFileReference; lastKnownFileType = sourcecode.swift; path = Colors.swift; sourceTree = "<group>"; };
		1F314B262F51B61D007B161F /* Fonts.swift */ = {isa = PBXFileReference; lastKnownFileType = sourcecode.swift; path = Fonts.swift; sourceTree = "<group>"; };
		1F314B372F51B61D007B161F /* SortMenuView.swift */ = {isa = PBXFileReference; lastKnownFileType = sourcecode.swift; path = SortMenuView.swift; sourceTree = "<group>"; };
		1F314B382F51B61D007B161F /* SortOptions.swift */ = {isa = PBXFileReference; lastKnownFileType = sourcecode.swift; path = SortOptions.swift; sourceTree = "<group>"; };
		1F314B3A2F51B61D007B161F /* AddToCartButton.swift */ = {isa = PBXFileReference; lastKnownFileType = sourcecode.swift; path = AddToCartButton.swift; sourceTree = "<group>"; };
		1F314B3B2F51B61D007B161F /* LikeButton.swift */ = {isa = PBXFileReference; lastKnownFileType = sourcecode.swift; path = LikeButton.swift; sourceTree = "<group>"; };
		1F314B3C2F51B61D007B161F /* LoadingHUD.swift */ = {isa = PBXFileReference; lastKnownFileType = sourcecode.swift; path = LoadingHUD.swift; sourceTree = "<group>"; };
		1F314B3D2F51B61D007B161F /* RatingView.swift */ = {isa = PBXFileReference; lastKnownFileType = sourcecode.swift; path = RatingView.swift; sourceTree = "<group>"; };
		1F314B402F51B61D007B161F /* ContentView.swift */ = {isa = PBXFileReference; lastKnownFileType = sourcecode.swift; path = ContentView.swift; sourceTree = "<group>"; };
		1F314B422F51B61D007B161F /* TabBarView.swift */ = {isa = PBXFileReference; lastKnownFileType = sourcecode.swift; path = TabBarView.swift; sourceTree = "<group>"; };
		1F314B452F51B61D007B161F /* Assets.xcassets */ = {isa = PBXFileReference; lastKnownFileType = folder.assetcatalog; path = Assets.xcassets; sourceTree = "<group>"; };
		1F314B462F51B61D007B161F /* iOS_FakeNFT_ExtendedApp.swift */ = {isa = PBXFileReference; lastKnownFileType = sourcecode.swift; path = iOS_FakeNFT_ExtendedApp.swift; sourceTree = "<group>"; };
		1F314B472F51B61D007B161F /* en */ = {isa = PBXFileReference; lastKnownFileType = text.plist.strings; name = en; path = en.lproj/Localizable.strings; sourceTree = "<group>"; };
		ABC5E1682C31F5AF002B4068 /* iOS-FakeNFT-Extended.app */ = {isa = PBXFileReference; explicitFileType = wrapper.application; includeInIndex = 0; path = "iOS-FakeNFT-Extended.app"; sourceTree = BUILT_PRODUCTS_DIR; };
		ABC5E1782C31F5B0002B4068 /* iOS-FakeNFT-ExtendedTests.xctest */ = {isa = PBXFileReference; explicitFileType = wrapper.cfbundle; includeInIndex = 0; path = "iOS-FakeNFT-ExtendedTests.xctest"; sourceTree = BUILT_PRODUCTS_DIR; };
		ABC5E17C2C31F5B0002B4068 /* iOS_FakeNFT_ExtendedTests.swift */ = {isa = PBXFileReference; lastKnownFileType = sourcecode.swift; path = iOS_FakeNFT_ExtendedTests.swift; sourceTree = "<group>"; };
		ABC5E1822C31F5B0002B4068 /* iOS-FakeNFT-ExtendedUITests.xctest */ = {isa = PBXFileReference; explicitFileType = wrapper.cfbundle; includeInIndex = 0; path = "iOS-FakeNFT-ExtendedUITests.xctest"; sourceTree = BUILT_PRODUCTS_DIR; };
		ABC5E1862C31F5B0002B4068 /* iOS_FakeNFT_ExtendedUITests.swift */ = {isa = PBXFileReference; lastKnownFileType = sourcecode.swift; path = iOS_FakeNFT_ExtendedUITests.swift; sourceTree = "<group>"; };
/* End PBXFileReference section */

/* Begin PBXFrameworksBuildPhase section */
		ABC5E1652C31F5AF002B4068 /* Frameworks */ = {
			isa = PBXFrameworksBuildPhase;
			buildActionMask = 2147483647;
			files = (
				ABC5E1D82C3204A9002B4068 /* Kingfisher in Frameworks */,
				ABC5E1E22C320535002B4068 /* ProgressHUD in Frameworks */,
			);
			runOnlyForDeploymentPostprocessing = 0;
		};
		ABC5E1752C31F5B0002B4068 /* Frameworks */ = {
			isa = PBXFrameworksBuildPhase;
			buildActionMask = 2147483647;
			files = (
			);
			runOnlyForDeploymentPostprocessing = 0;
		};
		ABC5E17F2C31F5B0002B4068 /* Frameworks */ = {
			isa = PBXFrameworksBuildPhase;
			buildActionMask = 2147483647;
			files = (
			);
			runOnlyForDeploymentPostprocessing = 0;
		};
/* End PBXFrameworksBuildPhase section */

/* Begin PBXGroup section */
		1F314AA62F51B61D007B161F /* Models */ = {
			isa = PBXGroup;
			children = (
				1F314AA32F51B61D007B161F /* CartModel+Mock.swift */,
				1F314AA42F51B61D007B161F /* Currency.swift */,
				1F314AA52F51B61D007B161F /* NFTCartCollection.swift */,
			);
			path = Models;
			sourceTree = "<group>";
		};
		1F314AAB2F51B61D007B161F /* CartView */ = {
			isa = PBXGroup;
			children = (
				1F314AA72F51B61D007B161F /* CartCell.swift */,
				1F314AA82F51B61D007B161F /* CartRoute.swift */,
				1F314AA92F51B61D007B161F /* CartView.swift */,
				1F314AAA2F51B61D007B161F /* DeleteView.swift */,
			);
			path = CartView;
			sourceTree = "<group>";
		};
		1F314AAF2F51B61D007B161F /* Payment */ = {
			isa = PBXGroup;
			children = (
				1F314AAC2F51B61D007B161F /* PaymentCell.swift */,
				1F314AAD2F51B61D007B161F /* PaymentSuccessView.swift */,
				1F314AAE2F51B61D007B161F /* PaymentView.swift */,
			);
			path = Payment;
			sourceTree = "<group>";
		};
		1F314AB02F51B61D007B161F /* Screens */ = {
			isa = PBXGroup;
			children = (
				1F314AAB2F51B61D007B161F /* CartView */,
				1F314AAF2F51B61D007B161F /* Payment */,
			);
			path = Screens;
			sourceTree = "<group>";
		};
		1F314AB32F51B61D007B161F /* Service */ = {
			isa = PBXGroup;
			children = (
				1F314AB12F51B61D007B161F /* CartService.swift */,
				1F314AB22F51B61D007B161F /* PaymentService.swift */,
			);
			path = Service;
			sourceTree = "<group>";
		};
		1F314AB62F51B61D007B161F /* ViewModels */ = {
			isa = PBXGroup;
			children = (
				1F314AB42F51B61D007B161F /* CartViewModel.swift */,
				1F314AB52F51B61D007B161F /* PaymentViewModel.swift */,
			);
			path = ViewModels;
			sourceTree = "<group>";
		};
		1F314AB72F51B61D007B161F /* Cart */ = {
			isa = PBXGroup;
			children = (
				1F314AA62F51B61D007B161F /* Models */,
				1F314AB02F51B61D007B161F /* Screens */,
				1F314AB32F51B61D007B161F /* Service */,
				1F314AB62F51B61D007B161F /* ViewModels */,
			);
			path = Cart;
			sourceTree = "<group>";
		};
		1F314ABA2F51B61D007B161F /* Networking */ = {
			isa = PBXGroup;
			children = (
				1F314AB82F51B61D007B161F /* NetworkError.swift */,
				1F314AB92F51B61D007B161F /* NFTService.swift */,
			);
			path = Networking;
			sourceTree = "<group>";
		};
		1F314ABD2F51B61D007B161F /* Services */ = {
			isa = PBXGroup;
			children = (
				1F314ABB2F51B61D007B161F /* CartManager.swift */,
				1F314ABC2F51B61D007B161F /* FavoritesManager.swift */,
			);
			path = Services;
			sourceTree = "<group>";
		};
		1F314AC52F51B61D007B161F /* UI */ = {
			isa = PBXGroup;
			children = (
				1F314ABE2F51B61D007B161F /* CatalogCollectionCell.swift */,
				1F314ABF2F51B61D007B161F /* CatalogView.swift */,
				1F314AC02F51B61D007B161F /* CollectionFilter.swift */,
				1F314AC12F51B61D007B161F /* NftCell.swift */,
				1F314AC22F51B61D007B161F /* NFTCollection.swift */,
				1F314AC32F51B61D007B161F /* NFTCollectionView.swift */,
				1F314AC42F51B61D007B161F /* NFTItem.swift */,
			);
			path = UI;
			sourceTree = "<group>";
		};
		1F314AC82F51B61D007B161F /* ViewModels */ = {
			isa = PBXGroup;
			children = (
				1F314AC62F51B61D007B161F /* CatalogViewModel.swift */,
				1F314AC72F51B61D007B161F /* NftViewModel.swift */,
			);
			path = ViewModels;
			sourceTree = "<group>";
		};
		1F314AC92F51B61D007B161F /* Catalog */ = {
			isa = PBXGroup;
			children = (
				1F314ABA2F51B61D007B161F /* Networking */,
				1F314ABD2F51B61D007B161F /* Services */,
				1F314AC52F51B61D007B161F /* UI */,
				1F314AC82F51B61D007B161F /* ViewModels */,
			);
			path = Catalog;
			sourceTree = "<group>";
		};
		1F314ACE2F51B61D007B161F /* NetworkClient */ = {
			isa = PBXGroup;
			children = (
				1F314ACC2F51B61D007B161F /* NetworkClient.swift */,
				1F314ACD2F51B61D007B161F /* NetworkRequest.swift */,
			);
			path = NetworkClient;
			sourceTree = "<group>";
		};
		1F314AD02F51B61D007B161F /* Foundation */ = {
			isa = PBXGroup;
			children = (
				1F314ACE2F51B61D007B161F /* NetworkClient */,
			);
			path = Foundation;
			sourceTree = "<group>";
		};
		1F314AD22F51B61D007B161F /* Network */ = {
			isa = PBXGroup;
			children = (
				1F314AD12F51B61D007B161F /* Nft.swift */,
			);
			path = Network;
			sourceTree = "<group>";
		};
		1F314AD32F51B61D007B161F /* Models */ = {
			isa = PBXGroup;
			children = (
				1F314AD22F51B61D007B161F /* Network */,
			);
			path = Models;
			sourceTree = "<group>";
		};
		1F314ADA2F51B61D007B161F /* Models */ = {
			isa = PBXGroup;
			children = (
				1F314AD62F51B61D007B161F /* FavoriteNFTItem.swift */,
				1F314AD72F51B61D007B161F /* MyNFTItem.swift */,
				1F314AD82F51B61D007B161F /* ProfileViewData.swift */,
				1F314AD92F51B61D007B161F /* ScreenState.swift */,
			);
			path = Models;
			sourceTree = "<group>";
		};
		1F314AE12F51B61D007B161F /* Networking */ = {
			isa = PBXGroup;
			children = (
				1F314ADB2F51B61D007B161F /* NFTListRequest.swift */,
				1F314ADC2F51B61D007B161F /* ProfileDTO.swift */,
				1F314ADD2F51B61D007B161F /* ProfileRequest.swift */,
				1F314ADE2F51B61D007B161F /* ProfileService.swift */,
				1F314ADF2F51B61D007B161F /* ProfileUpdateDTO.swift */,
				1F314AE02F51B61D007B161F /* ProfileUpdateRequest.swift */,
			);
			path = Networking;
			sourceTree = "<group>";
		};
		1F314AE42F51B61D007B161F /* FavoritesNFTs */ = {
			isa = PBXGroup;
			children = (
				1F314AE22F51B61D007B161F /* FavoriteNFTCardView.swift */,
				1F314AE32F51B61D007B161F /* FavoritesNFTsView.swift */,
			);
			path = FavoritesNFTs;
			sourceTree = "<group>";
		};
		1F314AE82F51B61D007B161F /* MyNFTs */ = {
			isa = PBXGroup;
			children = (
				1F314AE52F51B61D007B161F /* MyNFTRowView.swift */,
				1F314AE62F51B61D007B161F /* MyNFTSortOption.swift */,
				1F314AE72F51B61D007B161F /* MyNFTsView.swift */,
			);
			path = MyNFTs;
			sourceTree = "<group>";
		};
		1F314AEE2F51B61D007B161F /* Profile */ = {
			isa = PBXGroup;
			children = (
				1F314AE92F51B61D007B161F /* EditProfileView.swift */,
				1F314AEA2F51B61D007B161F /* ProfileRowView.swift */,
				1F314AEB2F51B61D007B161F /* ProfileView.swift */,
				1F314AEC2F51B61D007B161F /* ProfileWebsiteView.swift */,
				1F314AED2F51B61D007B161F /* ProfileWebView.swift */,
			);
			path = Profile;
			sourceTree = "<group>";
		};
		1F314AF02F51B61D007B161F /* UI */ = {
			isa = PBXGroup;
			children = (
				1F314AE42F51B61D007B161F /* FavoritesNFTs */,
				1F314AE82F51B61D007B161F /* MyNFTs */,
				1F314AEE2F51B61D007B161F /* Profile */,
			);
			path = UI;
			sourceTree = "<group>";
		};
		1F314AF22F51B61D007B161F /* ViewModels */ = {
			isa = PBXGroup;
			children = (
				1F314AF12F51B61D007B161F /* ProfileFavoritesViewModel.swift */,
			);
			path = ViewModels;
			sourceTree = "<group>";
		};
		1F314AF32F51B61D007B161F /* Profile */ = {
			isa = PBXGroup;
			children = (
				1F314ADA2F51B61D007B161F /* Models */,
				1F314AE12F51B61D007B161F /* Networking */,
				1F314AF02F51B61D007B161F /* UI */,
				1F314AF22F51B61D007B161F /* ViewModels */,
			);
			path = Profile;
			sourceTree = "<group>";
		};
		1F314AF82F51B61D007B161F /* CartRequest */ = {
			isa = PBXGroup;
			children = (
				1F314AF42F51B61D007B161F /* CurrencyRequest.swift */,
				1F314AF52F51B61D007B161F /* OrderRequest.swift */,
				1F314AF62F51B61D007B161F /* PayOrderRequest.swift */,
				1F314AF72F51B61D007B161F /* UpdateOrderRequest.swift */,
			);
			path = CartRequest;
			sourceTree = "<group>";
		};
		1F314AFC2F51B61D007B161F /* Requests */ = {
			isa = PBXGroup;
			children = (
				1F314AF82F51B61D007B161F /* CartRequest */,
				1F314AFB2F51B61D007B161F /* RequestConstants.swift */,
			);
			path = Requests;
			sourceTree = "<group>";
		};
		1F314AFF2F51B61D007B161F /* Services */ = {
			isa = PBXGroup;
			children = (
				1F314AFC2F51B61D007B161F /* Requests */,
			);
			path = Services;
			sourceTree = "<group>";
		};
		1F314B052F51B61D007B161F /* Models */ = {
			isa = PBXGroup;
			children = (
				1F314B002F51B61D007B161F /* NftItemDTO.swift */,
				1F314B012F51B61D007B161F /* OrdersDTO.swift */,
				1F314B022F51B61D007B161F /* StatisticsRoute.swift */,
				1F314B032F51B61D007B161F /* StatisticUserProfileDTO.swift */,
				1F314B042F51B61D007B161F /* UserDTO.swift */,
			);
			path = Models;
			sourceTree = "<group>";
		};
		1F314B0B2F51B61D007B161F /* Network NFT */ = {
			isa = PBXGroup;
			children = (
				1F314B062F51B61D007B161F /* LikesAndCartService.swift */,
				1F314B072F51B61D007B161F /* NftItemByIdRequest.swift */,
				1F314B082F51B61D007B161F /* NftItemsService.swift */,
				1F314B092F51B61D007B161F /* OrdersRequests.swift */,
				1F314B0A2F51B61D007B161F /* StatisticProfileRequests.swift */,
			);
			path = "Network NFT";
			sourceTree = "<group>";
		};
		1F314B0F2F51B61D007B161F /* Networking */ = {
			isa = PBXGroup;
			children = (
				1F314B0B2F51B61D007B161F /* Network NFT */,
				1F314B0C2F51B61D007B161F /* UserByIdRequest.swift */,
				1F314B0D2F51B61D007B161F /* UsersRequest.swift */,
				1F314B0E2F51B61D007B161F /* UsersService.swift */,
			);
			path = Networking;
			sourceTree = "<group>";
		};
		1F314B142F51B61D007B161F /* Screens */ = {
			isa = PBXGroup;
			children = (
				1F314B102F51B61D007B161F /* NFTCollectionScreen.swift */,
				1F314B112F51B61D007B161F /* StatisticsFlowView.swift */,
				1F314B122F51B61D007B161F /* StatisticsScreen.swift */,
				1F314B132F51B61D007B161F /* UserCardScreen.swift */,
			);
			path = Screens;
			sourceTree = "<group>";
		};
		1F314B1A2F51B61D007B161F /* UIElements */ = {
			isa = PBXGroup;
			children = (
				1F314B152F51B61D007B161F /* NavigationTitleView.swift */,
				1F314B162F51B61D007B161F /* NFTCardView.swift */,
				1F314B172F51B61D007B161F /* SafariView.swift */,
				1F314B182F51B61D007B161F /* StatisticsRowView.swift */,
				1F314B192F51B61D007B161F /* StatisticsSortSheet.swift */,
			);
			path = UIElements;
			sourceTree = "<group>";
		};
		1F314B202F51B61D007B161F /* UI */ = {
			isa = PBXGroup;
			children = (
				1F314B142F51B61D007B161F /* Screens */,
				1F314B1A2F51B61D007B161F /* UIElements */,
			);
			path = UI;
			sourceTree = "<group>";
		};
		1F314B232F51B61D007B161F /* ViewModels */ = {
			isa = PBXGroup;
			children = (
				1F314B212F51B61D007B161F /* NFTCollectionViewModel.swift */,
				1F314B222F51B61D007B161F /* StatisticsViewModel.swift */,
			);
			path = ViewModels;
			sourceTree = "<group>";
		};
		1F314B242F51B61D007B161F /* Statistic */ = {
			isa = PBXGroup;
			children = (
				1F314B052F51B61D007B161F /* Models */,
				1F314B0F2F51B61D007B161F /* Networking */,
				1F314B202F51B61D007B161F /* UI */,
				1F314B232F51B61D007B161F /* ViewModels */,
			);
			path = Statistic;
			sourceTree = "<group>";
		};
		1F314B272F51B61D007B161F /* DesignSystem */ = {
			isa = PBXGroup;
			children = (
				1F314B252F51B61D007B161F /* Colors.swift */,
				1F314B262F51B61D007B161F /* Fonts.swift */,
			);
			path = DesignSystem;
			sourceTree = "<group>";
		};
		1F314B392F51B61D007B161F /* Sort */ = {
			isa = PBXGroup;
			children = (
				1F314B372F51B61D007B161F /* SortMenuView.swift */,
				1F314B382F51B61D007B161F /* SortOptions.swift */,
			);
			path = Sort;
			sourceTree = "<group>";
		};
		1F314B3E2F51B61D007B161F /* UIElments */ = {
			isa = PBXGroup;
			children = (
				1F314B392F51B61D007B161F /* Sort */,
				1F314B3A2F51B61D007B161F /* AddToCartButton.swift */,
				1F314B3B2F51B61D007B161F /* LikeButton.swift */,
				1F314B3C2F51B61D007B161F /* LoadingHUD.swift */,
				1F314B3D2F51B61D007B161F /* RatingView.swift */,
			);
			path = UIElments;
			sourceTree = "<group>";
		};
		1F314B442F51B61D007B161F /* UI */ = {
			isa = PBXGroup;
			children = (
				1F314B272F51B61D007B161F /* DesignSystem */,
				1F314B3E2F51B61D007B161F /* UIElments */,
				1F314B402F51B61D007B161F /* ContentView.swift */,
				1F314B422F51B61D007B161F /* TabBarView.swift */,
			);
			path = UI;
			sourceTree = "<group>";
		};
		1F314B492F51B61D007B161F /* iOS-FakeNFT-Extended */ = {
			isa = PBXGroup;
			children = (
				1F314AB72F51B61D007B161F /* Cart */,
				1F314AC92F51B61D007B161F /* Catalog */,
				1F314AD02F51B61D007B161F /* Foundation */,
				1F314AD32F51B61D007B161F /* Models */,
				1F314AF32F51B61D007B161F /* Profile */,
				1F314AFF2F51B61D007B161F /* Services */,
				1F314B242F51B61D007B161F /* Statistic */,
				1F314B442F51B61D007B161F /* UI */,
				1F314B452F51B61D007B161F /* Assets.xcassets */,
				1F314B462F51B61D007B161F /* iOS_FakeNFT_ExtendedApp.swift */,
				1F314B482F51B61D007B161F /* Localizable.strings */,
			);
			path = "iOS-FakeNFT-Extended";
			sourceTree = "<group>";
		};
		ABC5E15F2C31F5AF002B4068 = {
			isa = PBXGroup;
			children = (
				1F314B492F51B61D007B161F /* iOS-FakeNFT-Extended */,
				ABC5E17B2C31F5B0002B4068 /* iOS-FakeNFT-ExtendedTests */,
				ABC5E1852C31F5B0002B4068 /* iOS-FakeNFT-ExtendedUITests */,
				ABC5E1692C31F5AF002B4068 /* Products */,
			);
			sourceTree = "<group>";
		};
		ABC5E1692C31F5AF002B4068 /* Products */ = {
			isa = PBXGroup;
			children = (
				ABC5E1682C31F5AF002B4068 /* iOS-FakeNFT-Extended.app */,
				ABC5E1782C31F5B0002B4068 /* iOS-FakeNFT-ExtendedTests.xctest */,
				ABC5E1822C31F5B0002B4068 /* iOS-FakeNFT-ExtendedUITests.xctest */,
			);
			name = Products;
			sourceTree = "<group>";
		};
		ABC5E17B2C31F5B0002B4068 /* iOS-FakeNFT-ExtendedTests */ = {
			isa = PBXGroup;
			children = (
				ABC5E17C2C31F5B0002B4068 /* iOS_FakeNFT_ExtendedTests.swift */,
			);
			path = "iOS-FakeNFT-ExtendedTests";
			sourceTree = "<group>";
		};
		ABC5E1852C31F5B0002B4068 /* iOS-FakeNFT-ExtendedUITests */ = {
			isa = PBXGroup;
			children = (
				ABC5E1862C31F5B0002B4068 /* iOS_FakeNFT_ExtendedUITests.swift */,
			);
			path = "iOS-FakeNFT-ExtendedUITests";
			sourceTree = "<group>";
		};
/* End PBXGroup section */

/* Begin PBXNativeTarget section */
		ABC5E1672C31F5AF002B4068 /* iOS-FakeNFT-Extended */ = {
			isa = PBXNativeTarget;
			buildConfigurationList = ABC5E18C2C31F5B0002B4068 /* Build configuration list for PBXNativeTarget "iOS-FakeNFT-Extended" */;
			buildPhases = (
				ABC5E1642C31F5AF002B4068 /* Sources */,
				ABC5E1652C31F5AF002B4068 /* Frameworks */,
				ABC5E1662C31F5AF002B4068 /* Resources */,
			);
			buildRules = (
			);
			dependencies = (
			);
			name = "iOS-FakeNFT-Extended";
			packageProductDependencies = (
				ABC5E1D72C3204A9002B4068 /* Kingfisher */,
				ABC5E1E12C320535002B4068 /* ProgressHUD */,
			);
			productName = "iOS-FakeNFT-Extended";
			productReference = ABC5E1682C31F5AF002B4068 /* iOS-FakeNFT-Extended.app */;
			productType = "com.apple.product-type.application";
		};
		ABC5E1772C31F5B0002B4068 /* iOS-FakeNFT-ExtendedTests */ = {
			isa = PBXNativeTarget;
			buildConfigurationList = ABC5E18F2C31F5B0002B4068 /* Build configuration list for PBXNativeTarget "iOS-FakeNFT-ExtendedTests" */;
			buildPhases = (
				ABC5E1742C31F5B0002B4068 /* Sources */,
				ABC5E1752C31F5B0002B4068 /* Frameworks */,
				ABC5E1762C31F5B0002B4068 /* Resources */,
			);
			buildRules = (
			);
			dependencies = (
				ABC5E17A2C31F5B0002B4068 /* PBXTargetDependency */,
			);
			name = "iOS-FakeNFT-ExtendedTests";
			productName = "iOS-FakeNFT-ExtendedTests";
			productReference = ABC5E1782C31F5B0002B4068 /* iOS-FakeNFT-ExtendedTests.xctest */;
			productType = "com.apple.product-type.bundle.unit-test";
		};
		ABC5E1812C31F5B0002B4068 /* iOS-FakeNFT-ExtendedUITests */ = {
			isa = PBXNativeTarget;
			buildConfigurationList = ABC5E1922C31F5B0002B4068 /* Build configuration list for PBXNativeTarget "iOS-FakeNFT-ExtendedUITests" */;
			buildPhases = (
				ABC5E17E2C31F5B0002B4068 /* Sources */,
				ABC5E17F2C31F5B0002B4068 /* Frameworks */,
				ABC5E1802C31F5B0002B4068 /* Resources */,
			);
			buildRules = (
			);
			dependencies = (
				ABC5E1842C31F5B0002B4068 /* PBXTargetDependency */,
			);
			name = "iOS-FakeNFT-ExtendedUITests";
			productName = "iOS-FakeNFT-ExtendedUITests";
			productReference = ABC5E1822C31F5B0002B4068 /* iOS-FakeNFT-ExtendedUITests.xctest */;
			productType = "com.apple.product-type.bundle.ui-testing";
		};
/* End PBXNativeTarget section */

/* Begin PBXProject section */
		ABC5E1602C31F5AF002B4068 /* Project object */ = {
			isa = PBXProject;
			attributes = {
				BuildIndependentTargetsInParallel = 1;
				LastSwiftUpdateCheck = 1530;
				LastUpgradeCheck = 1530;
				TargetAttributes = {
					ABC5E1672C31F5AF002B4068 = {
						CreatedOnToolsVersion = 15.3;
					};
					ABC5E1772C31F5B0002B4068 = {
						CreatedOnToolsVersion = 15.3;
						TestTargetID = ABC5E1672C31F5AF002B4068;
					};
					ABC5E1812C31F5B0002B4068 = {
						CreatedOnToolsVersion = 15.3;
						TestTargetID = ABC5E1672C31F5AF002B4068;
					};
				};
			};
			buildConfigurationList = ABC5E1632C31F5AF002B4068 /* Build configuration list for PBXProject "iOS-FakeNFT-Extended" */;
			compatibilityVersion = "Xcode 14.0";
			developmentRegion = en;
			hasScannedForEncodings = 0;
			knownRegions = (
				en,
				Base,
			);
			mainGroup = ABC5E15F2C31F5AF002B4068;
			packageReferences = (
				ABC5E1D62C3204A9002B4068 /* XCRemoteSwiftPackageReference "Kingfisher" */,
				ABC5E1E02C320535002B4068 /* XCRemoteSwiftPackageReference "ProgressHUD" */,
			);
			productRefGroup = ABC5E1692C31F5AF002B4068 /* Products */;
			projectDirPath = "";
			projectRoot = "";
			targets = (
				ABC5E1672C31F5AF002B4068 /* iOS-FakeNFT-Extended */,
				ABC5E1772C31F5B0002B4068 /* iOS-FakeNFT-ExtendedTests */,
				ABC5E1812C31F5B0002B4068 /* iOS-FakeNFT-ExtendedUITests */,
			);
		};
/* End PBXProject section */

/* Begin PBXResourcesBuildPhase section */
		ABC5E1662C31F5AF002B4068 /* Resources */ = {
			isa = PBXResourcesBuildPhase;
			buildActionMask = 2147483647;
			files = (
				1F314BC12F51B61D007B161F /* Assets.xcassets in Resources */,
				1F314BC22F51B61D007B161F /* Localizable.strings in Resources */,
			);
			runOnlyForDeploymentPostprocessing = 0;
		};
		ABC5E1762C31F5B0002B4068 /* Resources */ = {
			isa = PBXResourcesBuildPhase;
			buildActionMask = 2147483647;
			files = (
			);
			runOnlyForDeploymentPostprocessing = 0;
		};
		ABC5E1802C31F5B0002B4068 /* Resources */ = {
			isa = PBXResourcesBuildPhase;
			buildActionMask = 2147483647;
			files = (
			);
			runOnlyForDeploymentPostprocessing = 0;
		};
/* End PBXResourcesBuildPhase section */

/* Begin PBXSourcesBuildPhase section */
		ABC5E1642C31F5AF002B4068 /* Sources */ = {
			isa = PBXSourcesBuildPhase;
			buildActionMask = 2147483647;
			files = (
				1F314B4A2F51B61D007B161F /* ProfileUpdateDTO.swift in Sources */,
				1F314B4B2F51B61D007B161F /* SafariView.swift in Sources */,
				1F314B4D2F51B61D007B161F /* AddToCartButton.swift in Sources */,
				1F314B4E2F51B61D007B161F /* CurrencyRequest.swift in Sources */,
				1F314B4F2F51B61D007B161F /* NetworkError.swift in Sources */,
				1F314B502F51B61D007B161F /* NftItemDTO.swift in Sources */,
				1F314B512F51B61D007B161F /* ProfileView.swift in Sources */,
				1F314B522F51B61D007B161F /* ProfileRowView.swift in Sources */,
				1F314B532F51B61D007B161F /* iOS_FakeNFT_ExtendedApp.swift in Sources */,
				1F314B542F51B61D007B161F /* ProfileFavoritesViewModel.swift in Sources */,
				1F314B562F51B61D007B161F /* RequestConstants.swift in Sources */,
				1F314B592F51B61D007B161F /* NFTCollectionViewModel.swift in Sources */,
				1F314B5A2F51B61D007B161F /* CartViewModel.swift in Sources */,
				1F314B5B2F51B61D007B161F /* PaymentCell.swift in Sources */,
				1F314B5C2F51B61D007B161F /* StatisticsFlowView.swift in Sources */,
				1F314B5D2F51B61D007B161F /* MyNFTRowView.swift in Sources */,
				1F314B5F2F51B61D007B161F /* ContentView.swift in Sources */,
				1F314B602F51B61D007B161F /* MyNFTsView.swift in Sources */,
				1F314B612F51B61D007B161F /* Currency.swift in Sources */,
				1F314B632F51B61D007B161F /* UsersService.swift in Sources */,
				1F314B642F51B61D007B161F /* StatisticsSortSheet.swift in Sources */,
				1F314B652F51B61D007B161F /* CartView.swift in Sources */,
				1F314B662F51B61D007B161F /* MyNFTSortOption.swift in Sources */,
				1F314B672F51B61D007B161F /* NFTService.swift in Sources */,
				1F314B682F51B61D007B161F /* NFTItem.swift in Sources */,
				1F314B692F51B61D007B161F /* LoadingHUD.swift in Sources */,
				1F314B6A2F51B61D007B161F /* UserCardScreen.swift in Sources */,
				1F314B6C2F51B61D007B161F /* PaymentViewModel.swift in Sources */,
				1F314B6E2F51B61D007B161F /* ProfileWebView.swift in Sources */,
				1F314B6F2F51B61D007B161F /* StatisticsViewModel.swift in Sources */,
				1F314B702F51B61D007B161F /* FavoriteNFTCardView.swift in Sources */,
				1F314B712F51B61D007B161F /* NFTCollectionScreen.swift in Sources */,
				1F314B722F51B61D007B161F /* FavoriteNFTItem.swift in Sources */,
				1F314B732F51B61D007B161F /* UserDTO.swift in Sources */,
				1F314B742F51B61D007B161F /* NFTListRequest.swift in Sources */,
				1F314B752F51B61D007B161F /* UserByIdRequest.swift in Sources */,
				1F314B762F51B61D007B161F /* NFTCardView.swift in Sources */,
				1F314B772F51B61D007B161F /* CartRoute.swift in Sources */,
				1F314B782F51B61D007B161F /* CartService.swift in Sources */,
				1F314B792F51B61D007B161F /* ProfileRequest.swift in Sources */,
				1F314B7B2F51B61D007B161F /* ProfileViewData.swift in Sources */,
				1F314B7D2F51B61D007B161F /* UpdateOrderRequest.swift in Sources */,
				1F314B802F51B61D007B161F /* OrdersDTO.swift in Sources */,
				1F314B812F51B61D007B161F /* TabBarView.swift in Sources */,
				1F314B822F51B61D007B161F /* CatalogViewModel.swift in Sources */,
				1F314B832F51B61D007B161F /* PayOrderRequest.swift in Sources */,
				1F314B852F51B61D007B161F /* ProfileService.swift in Sources */,
				1F314B862F51B61D007B161F /* StatisticProfileRequests.swift in Sources */,
				1F314B872F51B61D007B161F /* StatisticsRowView.swift in Sources */,
				1F314B882F51B61D007B161F /* Nft.swift in Sources */,
				1F314B892F51B61D007B161F /* Colors.swift in Sources */,
				1F314B8A2F51B61D007B161F /* CartModel+Mock.swift in Sources */,
				1F314B8B2F51B61D007B161F /* PaymentSuccessView.swift in Sources */,
				1F314B8F2F51B61D007B161F /* StatisticsScreen.swift in Sources */,
				1F314B912F51B61D007B161F /* NavigationTitleView.swift in Sources */,
				1F314B922F51B61D007B161F /* SortMenuView.swift in Sources */,
				1F314B942F51B61D007B161F /* NFTCollection.swift in Sources */,
				1F314B952F51B61D007B161F /* ProfileDTO.swift in Sources */,
				1F314B962F51B61D007B161F /* LikeButton.swift in Sources */,
				1F314B972F51B61D007B161F /* CollectionFilter.swift in Sources */,
				1F314B982F51B61D007B161F /* ScreenState.swift in Sources */,
				1F314B992F51B61D007B161F /* CatalogView.swift in Sources */,
				1F314B9A2F51B61D007B161F /* FavoritesNFTsView.swift in Sources */,
				1F314B9C2F51B61D007B161F /* OrdersRequests.swift in Sources */,
				1F314B9E2F51B61D007B161F /* NFTCartCollection.swift in Sources */,
				1F314B9F2F51B61D007B161F /* DeleteView.swift in Sources */,
				1F314BA22F51B61D007B161F /* Fonts.swift in Sources */,
				1F314BA32F51B61D007B161F /* PaymentView.swift in Sources */,
				1F314BA52F51B61D007B161F /* NftItemByIdRequest.swift in Sources */,
				1F314BA62F51B61D007B161F /* StatisticUserProfileDTO.swift in Sources */,
				1F314BA72F51B61D007B161F /* OrderRequest.swift in Sources */,
				1F314BA82F51B61D007B161F /* CartManager.swift in Sources */,
				1F314BA92F51B61D007B161F /* UsersRequest.swift in Sources */,
				1F314BAA2F51B61D007B161F /* NetworkRequest.swift in Sources */,
				1F314BAB2F51B61D007B161F /* RatingView.swift in Sources */,
				1F314BAC2F51B61D007B161F /* NftViewModel.swift in Sources */,
				1F314BAD2F51B61D007B161F /* ProfileWebsiteView.swift in Sources */,
				1F314BAF2F51B61D007B161F /* EditProfileView.swift in Sources */,
				1F314BB02F51B61D007B161F /* CatalogCollectionCell.swift in Sources */,
				1F314BB12F51B61D007B161F /* NftCell.swift in Sources */,
				1F314BB22F51B61D007B161F /* ProfileUpdateRequest.swift in Sources */,
				1F314BB52F51B61D007B161F /* PaymentService.swift in Sources */,
				1F314BB62F51B61D007B161F /* CartCell.swift in Sources */,
				1F314BB72F51B61D007B161F /* NFTCollectionView.swift in Sources */,
				1F314BB82F51B61D007B161F /* LikesAndCartService.swift in Sources */,
				1F314BB92F51B61D007B161F /* NetworkClient.swift in Sources */,
				1F314BBA2F51B61D007B161F /* MyNFTItem.swift in Sources */,
				1F314BBB2F51B61D007B161F /* NftItemsService.swift in Sources */,
				1F314BBC2F51B61D007B161F /* SortOptions.swift in Sources */,
				1F314BBD2F51B61D007B161F /* StatisticsRoute.swift in Sources */,
				1F314BBE2F51B61D007B161F /* FavoritesManager.swift in Sources */,
			);
			runOnlyForDeploymentPostprocessing = 0;
		};
		ABC5E1742C31F5B0002B4068 /* Sources */ = {
			isa = PBXSourcesBuildPhase;
			buildActionMask = 2147483647;
			files = (
				ABC5E17D2C31F5B0002B4068 /* iOS_FakeNFT_ExtendedTests.swift in Sources */,
			);
			runOnlyForDeploymentPostprocessing = 0;
		};
		ABC5E17E2C31F5B0002B4068 /* Sources */ = {
			isa = PBXSourcesBuildPhase;
			buildActionMask = 2147483647;
			files = (
				ABC5E1872C31F5B0002B4068 /* iOS_FakeNFT_ExtendedUITests.swift in Sources */,
			);
			runOnlyForDeploymentPostprocessing = 0;
		};
/* End PBXSourcesBuildPhase section */

/* Begin PBXTargetDependency section */
		ABC5E17A2C31F5B0002B4068 /* PBXTargetDependency */ = {
			isa = PBXTargetDependency;
			target = ABC5E1672C31F5AF002B4068 /* iOS-FakeNFT-Extended */;
			targetProxy = ABC5E1792C31F5B0002B4068 /* PBXContainerItemProxy */;
		};
		ABC5E1842C31F5B0002B4068 /* PBXTargetDependency */ = {
			isa = PBXTargetDependency;
			target = ABC5E1672C31F5AF002B4068 /* iOS-FakeNFT-Extended */;
			targetProxy = ABC5E1832C31F5B0002B4068 /* PBXContainerItemProxy */;
		};
/* End PBXTargetDependency section */

/* Begin PBXVariantGroup section */
		1F314B482F51B61D007B161F /* Localizable.strings */ = {
			isa = PBXVariantGroup;
			children = (
				1F314B472F51B61D007B161F /* en */,
			);
			name = Localizable.strings;
			sourceTree = "<group>";
		};
/* End PBXVariantGroup section */

/* Begin XCBuildConfiguration section */
		ABC5E18A2C31F5B0002B4068 /* Debug */ = {
			isa = XCBuildConfiguration;
			buildSettings = {
				ALWAYS_SEARCH_USER_PATHS = NO;
				ASSETCATALOG_COMPILER_GENERATE_SWIFT_ASSET_SYMBOL_EXTENSIONS = YES;
				CLANG_ANALYZER_NONNULL = YES;
				CLANG_ANALYZER_NUMBER_OBJECT_CONVERSION = YES_AGGRESSIVE;
				CLANG_CXX_LANGUAGE_STANDARD = "gnu++20";
				CLANG_ENABLE_MODULES = YES;
				CLANG_ENABLE_OBJC_ARC = YES;
				CLANG_ENABLE_OBJC_WEAK = YES;
				CLANG_WARN_BLOCK_CAPTURE_AUTORELEASING = YES;
				CLANG_WARN_BOOL_CONVERSION = YES;
				CLANG_WARN_COMMA = YES;
				CLANG_WARN_CONSTANT_CONVERSION = YES;
				CLANG_WARN_DEPRECATED_OBJC_IMPLEMENTATIONS = YES;
				CLANG_WARN_DIRECT_OBJC_ISA_USAGE = YES_ERROR;
				CLANG_WARN_DOCUMENTATION_COMMENTS = YES;
				CLANG_WARN_EMPTY_BODY = YES;
				CLANG_WARN_ENUM_CONVERSION = YES;
				CLANG_WARN_INFINITE_RECURSION = YES;
				CLANG_WARN_INT_CONVERSION = YES;
				CLANG_WARN_NON_LITERAL_NULL_CONVERSION = YES;
				CLANG_WARN_OBJC_IMPLICIT_RETAIN_SELF = YES;
				CLANG_WARN_OBJC_LITERAL_CONVERSION = YES;
				CLANG_WARN_OBJC_ROOT_CLASS = YES_ERROR;
				CLANG_WARN_QUOTED_INCLUDE_IN_FRAMEWORK_HEADER = YES;
				CLANG_WARN_RANGE_LOOP_ANALYSIS = YES;
				CLANG_WARN_STRICT_PROTOTYPES = YES;
				CLANG_WARN_SUSPICIOUS_MOVE = YES;
				CLANG_WARN_UNGUARDED_AVAILABILITY = YES_AGGRESSIVE;
				CLANG_WARN_UNREACHABLE_CODE = YES;
				CLANG_WARN__DUPLICATE_METHOD_MATCH = YES;
				COPY_PHASE_STRIP = NO;
				DEBUG_INFORMATION_FORMAT = dwarf;
				ENABLE_STRICT_OBJC_MSGSEND = YES;
				ENABLE_TESTABILITY = YES;
				ENABLE_USER_SCRIPT_SANDBOXING = YES;
				GCC_C_LANGUAGE_STANDARD = gnu17;
				GCC_DYNAMIC_NO_PIC = NO;
				GCC_NO_COMMON_BLOCKS = YES;
				GCC_OPTIMIZATION_LEVEL = 0;
				GCC_PREPROCESSOR_DEFINITIONS = (
					"DEBUG=1",
					"$(inherited)",
				);
				GCC_WARN_64_TO_32_BIT_CONVERSION = YES;
				GCC_WARN_ABOUT_RETURN_TYPE = YES_ERROR;
				GCC_WARN_UNDECLARED_SELECTOR = YES;
				GCC_WARN_UNINITIALIZED_AUTOS = YES_AGGRESSIVE;
				GCC_WARN_UNUSED_FUNCTION = YES;
				GCC_WARN_UNUSED_VARIABLE = YES;
				IPHONEOS_DEPLOYMENT_TARGET = 17.4;
				LOCALIZATION_PREFERS_STRING_CATALOGS = YES;
				MTL_ENABLE_DEBUG_INFO = INCLUDE_SOURCE;
				MTL_FAST_MATH = YES;
				ONLY_ACTIVE_ARCH = YES;
				SDKROOT = iphoneos;
				SWIFT_ACTIVE_COMPILATION_CONDITIONS = "DEBUG $(inherited)";
				SWIFT_OPTIMIZATION_LEVEL = "-Onone";
			};
			name = Debug;
		};
		ABC5E18B2C31F5B0002B4068 /* Release */ = {
			isa = XCBuildConfiguration;
			buildSettings = {
				ALWAYS_SEARCH_USER_PATHS = NO;
				ASSETCATALOG_COMPILER_GENERATE_SWIFT_ASSET_SYMBOL_EXTENSIONS = YES;
				CLANG_ANALYZER_NONNULL = YES;
				CLANG_ANALYZER_NUMBER_OBJECT_CONVERSION = YES_AGGRESSIVE;
				CLANG_CXX_LANGUAGE_STANDARD = "gnu++20";
				CLANG_ENABLE_MODULES = YES;
				CLANG_ENABLE_OBJC_ARC = YES;
				CLANG_ENABLE_OBJC_WEAK = YES;
				CLANG_WARN_BLOCK_CAPTURE_AUTORELEASING = YES;
				CLANG_WARN_BOOL_CONVERSION = YES;
				CLANG_WARN_COMMA = YES;
				CLANG_WARN_CONSTANT_CONVERSION = YES;
				CLANG_WARN_DEPRECATED_OBJC_IMPLEMENTATIONS = YES;
				CLANG_WARN_DIRECT_OBJC_ISA_USAGE = YES_ERROR;
				CLANG_WARN_DOCUMENTATION_COMMENTS = YES;
				CLANG_WARN_EMPTY_BODY = YES;
				CLANG_WARN_ENUM_CONVERSION = YES;
				CLANG_WARN_INFINITE_RECURSION = YES;
				CLANG_WARN_INT_CONVERSION = YES;
				CLANG_WARN_NON_LITERAL_NULL_CONVERSION = YES;
				CLANG_WARN_OBJC_IMPLICIT_RETAIN_SELF = YES;
				CLANG_WARN_OBJC_LITERAL_CONVERSION = YES;
				CLANG_WARN_OBJC_ROOT_CLASS = YES_ERROR;
				CLANG_WARN_QUOTED_INCLUDE_IN_FRAMEWORK_HEADER = YES;
				CLANG_WARN_RANGE_LOOP_ANALYSIS = YES;
				CLANG_WARN_STRICT_PROTOTYPES = YES;
				CLANG_WARN_SUSPICIOUS_MOVE = YES;
				CLANG_WARN_UNGUARDED_AVAILABILITY = YES_AGGRESSIVE;
				CLANG_WARN_UNREACHABLE_CODE = YES;
				CLANG_WARN__DUPLICATE_METHOD_MATCH = YES;
				COPY_PHASE_STRIP = NO;
				DEBUG_INFORMATION_FORMAT = "dwarf-with-dsym";
				ENABLE_NS_ASSERTIONS = NO;
				ENABLE_STRICT_OBJC_MSGSEND = YES;
				ENABLE_USER_SCRIPT_SANDBOXING = YES;
				GCC_C_LANGUAGE_STANDARD = gnu17;
				GCC_NO_COMMON_BLOCKS = YES;
				GCC_WARN_64_TO_32_BIT_CONVERSION = YES;
				GCC_WARN_ABOUT_RETURN_TYPE = YES_ERROR;
				GCC_WARN_UNDECLARED_SELECTOR = YES;
				GCC_WARN_UNINITIALIZED_AUTOS = YES_AGGRESSIVE;
				GCC_WARN_UNUSED_FUNCTION = YES;
				GCC_WARN_UNUSED_VARIABLE = YES;
				IPHONEOS_DEPLOYMENT_TARGET = 17.4;
				LOCALIZATION_PREFERS_STRING_CATALOGS = YES;
				MTL_ENABLE_DEBUG_INFO = NO;
				MTL_FAST_MATH = YES;
				SDKROOT = iphoneos;
				SWIFT_COMPILATION_MODE = wholemodule;
				VALIDATE_PRODUCT = YES;
			};
			name = Release;
		};
		ABC5E18D2C31F5B0002B4068 /* Debug */ = {
			isa = XCBuildConfiguration;
			buildSettings = {
				ASSETCATALOG_COMPILER_APPICON_NAME = AppIcon;
				ASSETCATALOG_COMPILER_GLOBAL_ACCENT_COLOR_NAME = AccentColor;
				CODE_SIGN_STYLE = Automatic;
				CURRENT_PROJECT_VERSION = 1;
				ENABLE_PREVIEWS = YES;
				GENERATE_INFOPLIST_FILE = YES;
				INFOPLIST_KEY_UIApplicationSceneManifest_Generation = YES;
				INFOPLIST_KEY_UIApplicationSupportsIndirectInputEvents = YES;
				INFOPLIST_KEY_UILaunchScreen_Generation = YES;
				INFOPLIST_KEY_UISupportedInterfaceOrientations_iPad = "UIInterfaceOrientationPortrait UIInterfaceOrientationPortraitUpsideDown UIInterfaceOrientationLandscapeLeft UIInterfaceOrientationLandscapeRight";
				INFOPLIST_KEY_UISupportedInterfaceOrientations_iPhone = "UIInterfaceOrientationPortrait UIInterfaceOrientationLandscapeLeft UIInterfaceOrientationLandscapeRight";
				LD_RUNPATH_SEARCH_PATHS = (
					"$(inherited)",
					"@executable_path/Frameworks",
				);
				MARKETING_VERSION = 1.0;
				PRODUCT_BUNDLE_IDENTIFIER = "Yandex-Practicum.iOS-FakeNFT-Extended";
				PRODUCT_NAME = "$(TARGET_NAME)";
				SWIFT_EMIT_LOC_STRINGS = YES;
				SWIFT_VERSION = 5.0;
				TARGETED_DEVICE_FAMILY = "1,2";
			};
			name = Debug;
		};
		ABC5E18E2C31F5B0002B4068 /* Release */ = {
			isa = XCBuildConfiguration;
			buildSettings = {
				ASSETCATALOG_COMPILER_APPICON_NAME = AppIcon;
				ASSETCATALOG_COMPILER_GLOBAL_ACCENT_COLOR_NAME = AccentColor;
				CODE_SIGN_STYLE = Automatic;
				CURRENT_PROJECT_VERSION = 1;
				ENABLE_PREVIEWS = YES;
				GENERATE_INFOPLIST_FILE = YES;
				INFOPLIST_KEY_UIApplicationSceneManifest_Generation = YES;
				INFOPLIST_KEY_UIApplicationSupportsIndirectInputEvents = YES;
				INFOPLIST_KEY_UILaunchScreen_Generation = YES;
				INFOPLIST_KEY_UISupportedInterfaceOrientations_iPad = "UIInterfaceOrientationPortrait UIInterfaceOrientationPortraitUpsideDown UIInterfaceOrientationLandscapeLeft UIInterfaceOrientationLandscapeRight";
				INFOPLIST_KEY_UISupportedInterfaceOrientations_iPhone = "UIInterfaceOrientationPortrait UIInterfaceOrientationLandscapeLeft UIInterfaceOrientationLandscapeRight";
				LD_RUNPATH_SEARCH_PATHS = (
					"$(inherited)",
					"@executable_path/Frameworks",
				);
				MARKETING_VERSION = 1.0;
				PRODUCT_BUNDLE_IDENTIFIER = "Yandex-Practicum.iOS-FakeNFT-Extended";
				PRODUCT_NAME = "$(TARGET_NAME)";
				SWIFT_EMIT_LOC_STRINGS = YES;
				SWIFT_VERSION = 5.0;
				TARGETED_DEVICE_FAMILY = "1,2";
			};
			name = Release;
		};
		ABC5E1902C31F5B0002B4068 /* Debug */ = {
			isa = XCBuildConfiguration;
			buildSettings = {
				BUNDLE_LOADER = "$(TEST_HOST)";
				CODE_SIGN_STYLE = Automatic;
				CURRENT_PROJECT_VERSION = 1;
				GENERATE_INFOPLIST_FILE = YES;
				IPHONEOS_DEPLOYMENT_TARGET = 17.4;
				MARKETING_VERSION = 1.0;
				PRODUCT_BUNDLE_IDENTIFIER = "Yandex-Practicum.iOS-FakeNFT-ExtendedTests";
				PRODUCT_NAME = "$(TARGET_NAME)";
				SWIFT_EMIT_LOC_STRINGS = NO;
				SWIFT_VERSION = 5.0;
				TARGETED_DEVICE_FAMILY = "1,2";
				TEST_HOST = "$(BUILT_PRODUCTS_DIR)/iOS-FakeNFT-Extended.app/$(BUNDLE_EXECUTABLE_FOLDER_PATH)/iOS-FakeNFT-Extended";
			};
			name = Debug;
		};
		ABC5E1912C31F5B0002B4068 /* Release */ = {
			isa = XCBuildConfiguration;
			buildSettings = {
				BUNDLE_LOADER = "$(TEST_HOST)";
				CODE_SIGN_STYLE = Automatic;
				CURRENT_PROJECT_VERSION = 1;
				GENERATE_INFOPLIST_FILE = YES;
				IPHONEOS_DEPLOYMENT_TARGET = 17.4;
				MARKETING_VERSION = 1.0;
				PRODUCT_BUNDLE_IDENTIFIER = "Yandex-Practicum.iOS-FakeNFT-ExtendedTests";
				PRODUCT_NAME = "$(TARGET_NAME)";
				SWIFT_EMIT_LOC_STRINGS = NO;
				SWIFT_VERSION = 5.0;
				TARGETED_DEVICE_FAMILY = "1,2";
				TEST_HOST = "$(BUILT_PRODUCTS_DIR)/iOS-FakeNFT-Extended.app/$(BUNDLE_EXECUTABLE_FOLDER_PATH)/iOS-FakeNFT-Extended";
			};
			name = Release;
		};
		ABC5E1932C31F5B0002B4068 /* Debug */ = {
			isa = XCBuildConfiguration;
			buildSettings = {
				CODE_SIGN_STYLE = Automatic;
				CURRENT_PROJECT_VERSION = 1;
				GENERATE_INFOPLIST_FILE = YES;
				MARKETING_VERSION = 1.0;
				PRODUCT_BUNDLE_IDENTIFIER = "Yandex-Practicum.iOS-FakeNFT-ExtendedUITests";
				PRODUCT_NAME = "$(TARGET_NAME)";
				SWIFT_EMIT_LOC_STRINGS = NO;
				SWIFT_VERSION = 5.0;
				TARGETED_DEVICE_FAMILY = "1,2";
				TEST_TARGET_NAME = "iOS-FakeNFT-Extended";
			};
			name = Debug;
		};
		ABC5E1942C31F5B0002B4068 /* Release */ = {
			isa = XCBuildConfiguration;
			buildSettings = {
				CODE_SIGN_STYLE = Automatic;
				CURRENT_PROJECT_VERSION = 1;
				GENERATE_INFOPLIST_FILE = YES;
				MARKETING_VERSION = 1.0;
				PRODUCT_BUNDLE_IDENTIFIER = "Yandex-Practicum.iOS-FakeNFT-ExtendedUITests";
				PRODUCT_NAME = "$(TARGET_NAME)";
				SWIFT_EMIT_LOC_STRINGS = NO;
				SWIFT_VERSION = 5.0;
				TARGETED_DEVICE_FAMILY = "1,2";
				TEST_TARGET_NAME = "iOS-FakeNFT-Extended";
			};
			name = Release;
		};
/* End XCBuildConfiguration section */

/* Begin XCConfigurationList section */
		ABC5E1632C31F5AF002B4068 /* Build configuration list for PBXProject "iOS-FakeNFT-Extended" */ = {
			isa = XCConfigurationList;
			buildConfigurations = (
				ABC5E18A2C31F5B0002B4068 /* Debug */,
				ABC5E18B2C31F5B0002B4068 /* Release */,
			);
			defaultConfigurationIsVisible = 0;
			defaultConfigurationName = Release;
		};
		ABC5E18C2C31F5B0002B4068 /* Build configuration list for PBXNativeTarget "iOS-FakeNFT-Extended" */ = {
			isa = XCConfigurationList;
			buildConfigurations = (
				ABC5E18D2C31F5B0002B4068 /* Debug */,
				ABC5E18E2C31F5B0002B4068 /* Release */,
			);
			defaultConfigurationIsVisible = 0;
			defaultConfigurationName = Release;
		};
		ABC5E18F2C31F5B0002B4068 /* Build configuration list for PBXNativeTarget "iOS-FakeNFT-ExtendedTests" */ = {
			isa = XCConfigurationList;
			buildConfigurations = (
				ABC5E1902C31F5B0002B4068 /* Debug */,
				ABC5E1912C31F5B0002B4068 /* Release */,
			);
			defaultConfigurationIsVisible = 0;
			defaultConfigurationName = Release;
		};
		ABC5E1922C31F5B0002B4068 /* Build configuration list for PBXNativeTarget "iOS-FakeNFT-ExtendedUITests" */ = {
			isa = XCConfigurationList;
			buildConfigurations = (
				ABC5E1932C31F5B0002B4068 /* Debug */,
				ABC5E1942C31F5B0002B4068 /* Release */,
			);
			defaultConfigurationIsVisible = 0;
			defaultConfigurationName = Release;
		};
/* End XCConfigurationList section */

/* Begin XCRemoteSwiftPackageReference section */
		ABC5E1D62C3204A9002B4068 /* XCRemoteSwiftPackageReference "Kingfisher" */ = {
			isa = XCRemoteSwiftPackageReference;
			repositoryURL = "https://github.com/onevcat/Kingfisher.git";
			requirement = {
				kind = upToNextMajorVersion;
				minimumVersion = 7.0.0;
			};
		};
		ABC5E1E02C320535002B4068 /* XCRemoteSwiftPackageReference "ProgressHUD" */ = {
			isa = XCRemoteSwiftPackageReference;
			repositoryURL = "https://github.com/relatedcode/ProgressHUD.git";
			requirement = {
				kind = upToNextMajorVersion;
				minimumVersion = 14.0.0;
			};
		};
/* End XCRemoteSwiftPackageReference section */

/* Begin XCSwiftPackageProductDependency section */
		ABC5E1D72C3204A9002B4068 /* Kingfisher */ = {
			isa = XCSwiftPackageProductDependency;
			package = ABC5E1D62C3204A9002B4068 /* XCRemoteSwiftPackageReference "Kingfisher" */;
			productName = Kingfisher;
		};
		ABC5E1E12C320535002B4068 /* ProgressHUD */ = {
			isa = XCSwiftPackageProductDependency;
			package = ABC5E1E02C320535002B4068 /* XCRemoteSwiftPackageReference "ProgressHUD" */;
			productName = ProgressHUD;
		};
/* End XCSwiftPackageProductDependency section */
	};
	rootObject = ABC5E1602C31F5AF002B4068 /* Project object */;
}
